# THIS IS AN AUTOGENERATED FILE. DO NOT EDIT THIS FILE DIRECTLY.
# yarn lockfile v1


"@codemirror/language@^6.12.3":
  version "6.12.3"
  resolved "https://registry.yarnpkg.com/@codemirror/language/-/language-6.12.3.tgz#0b220182973a4c19850b29f7dd82aec1bbae3d7e"
  integrity sha512-QwCZW6Tt1siP37Jet9Tb02Zs81TQt6qQrZR2H+eGMcFsL1zMrk2/b9CLC7/9ieP1fjIUMgviLWMmgiHoJrj+ZA==
  dependencies:
    "@codemirror/state" "^6.0.0"
    "@codemirror/view" "^6.23.0"
    "@lezer/common" "^1.5.0"
    "@lezer/highlight" "^1.0.0"
    "@lezer/lr" "^1.0.0"
    style-mod "^4.0.0"

"@codemirror/state@^6.0.0", "@codemirror/state@^6.6.0":
  version "6.6.0"
  resolved "https://registry.yarnpkg.com/@codemirror/state/-/state-6.6.0.tgz#b88dbdc14aea4ace3c6d67bb77fe28bb84e4394e"
  integrity sha512-4nbvra5R5EtiCzr9BTHiTLc+MLXK2QGiAVYMyi8PkQd3SR+6ixar/Q/01Fa21TBIDOZXgeWV4WppsQolSreAPQ==
  dependencies:
    "@marijn/find-cluster-break" "^1.0.0"

"@codemirror/view@^6.23.0":
  version "6.41.0"
  resolved "https://registry.yarnpkg.com/@codemirror/view/-/view-6.41.0.tgz#482cbcb5f8f90131908e5f9c0e2f4681e0684db0"
  integrity sha512-6H/qadXsVuDY219Yljhohglve8xf4B8xJkVOEWfA5uiYKiTFppjqsvsfR5iPA0RbvRBoOyTZpbLIxe9+0UR8xA==
  dependencies:
    "@codemirror/state" "^6.6.0"
    crelt "^1.0.6"
    style-mod "^4.1.0"
    w3c-keyname "^2.2.4"

"@lezer/common@^1.0.0", "@lezer/common@^1.3.0", "@lezer/common@^1.5.0":
  version "1.5.2"
  resolved "https://registry.yarnpkg.com/@lezer/common/-/common-1.5.2.tgz#d6840db13779e3f1b42e70c9a97c4086d12fae22"
  integrity sha512-sxQE460fPZyU3sdc8lafxiPwJHBzZRy/udNFynGQky1SePYBdhkBl1kOagA9uT3pxR8K09bOrmTUqA9wb/PjSQ==

"@lezer/highlight@^1.0.0", "@lezer/highlight@^1.2.3":
  version "1.2.3"
  resolved "https://registry.yarnpkg.com/@lezer/highlight/-/highlight-1.2.3.tgz#a20f324b71148a2ea9ba6ff42e58bbfaec702857"
  integrity sha512-qXdH7UqTvGfdVBINrgKhDsVTJTxactNNxLk7+UMwZhU13lMHaOBlJe9Vqp907ya56Y3+ed2tlqzys7jDkTmW0g==
  dependencies:
    "@lezer/common" "^1.3.0"

"@lezer/lr@^1.0.0":
  version "1.4.9"
  resolved "https://registry.yarnpkg.com/@lezer/lr/-/lr-1.4.9.tgz#47bd289b55e0e94616d568e476f55a8d3ca0dcd3"
  integrity sha512-mF6irshW4nRJEhdR0HOAxxTDGss+rQFqA0nLRlZsPh14q+DB9Fqp0YbOvyRSOeKPLfUL/w5wPQAcETvkQ1VApg==
  dependencies:
    "@lezer/common" "^1.0.0"

"@marijn/find-cluster-break@^1.0.0":
  version "1.0.2"
  resolved "https://registry.yarnpkg.com/@marijn/find-cluster-break/-/find-cluster-break-1.0.2.tgz#775374306116d51c0c500b8c4face0f9a04752d8"
  integrity sha512-l0h88YhZFyKdXIFNfSWpyjStDjGHwZ/U7iobcK1cQQD8sejsONdQtTVU+1wVN1PBw40PiiHB1vA5S7VTfQiP9g==

crelt@^1.0.6:
  version "1.0.6"
  resolved "https://registry.yarnpkg.com/crelt/-/crelt-1.0.6.tgz#7cc898ea74e190fb6ef9dae57f8f81cf7302df72"
  integrity sha512-VQ2MBenTq1fWZUH9DJNGti7kKv6EeAuYr3cLwxUWhIu1baTaXh4Ib5W2CqHVqib4/MqbYGJqiL3Zb8GJZr3l4g==

isomorphic.js@^0.2.4:
  version "0.2.5"
  resolved "https://registry.yarnpkg.com/isomorphic.js/-/isomorphic.js-0.2.5.tgz#13eecf36f2dba53e85d355e11bf9d4208c6f7f88"
  integrity sha512-PIeMbHqMt4DnUP3MA/Flc0HElYjMXArsw1qwJZcm9sqR8mq3l8NYizFMty0pWwE/tzIGH3EKK5+jes5mAr85yw==

lib0@^0.2.99:
  version "0.2.117"
  resolved "https://registry.yarnpkg.com/lib0/-/lib0-0.2.117.tgz#6c3f926475d28904af05b590703cbbbc29475716"
  integrity sha512-DeXj9X5xDCjgKLU/7RR+/HQEVzuuEUiwldwOGsHK/sfAfELGWEyTcf0x+uOvCvK3O2zPmZePXWL85vtia6GyZw==
  dependencies:
    isomorphic.js "^0.2.4"

style-mod@^4.0.0, style-mod@^4.1.0:
  version "4.1.3"
  resolved "https://registry.yarnpkg.com/style-mod/-/style-mod-4.1.3.tgz#6e9012255bb799bdac37e288f7671b5d71bf9f73"
  integrity sha512-i/n8VsZydrugj3Iuzll8+x/00GH2vnYsk1eomD8QiRrSAeW6ItbCQDtfXCeJHd0iwiNagqjQkvpvREEPtW3IoQ==

w3c-keyname@^2.2.4:
  version "2.2.8"
  resolved "https://registry.yarnpkg.com/w3c-keyname/-/w3c-keyname-2.2.8.tgz#7b17c8c6883d4e8b86ac8aba79d39e880f8869c5"
  integrity sha512-dpojBhNsCNN7T82Tm7k26A6G9ML3NkhDsnw9n/eoxSRlVBB4CEtIQ/KTCLI2Fwf3ataSXRhYFkQi3SlnFwPvPQ==

yjs@^13.6.30:
  version "13.6.30"
  resolved "https://registry.yarnpkg.com/yjs/-/yjs-13.6.30.tgz#cd7ee5399431fcd35812d7a43694b57bfa2f005d"
  integrity sha512-vv/9h42eCMC81ZHDFswuu/MKzkl/vyq1BhaNGfHyOonwlG4CJbQF4oiBBJPvfdeCt/PlVDWh7Nov9D34YY09uQ==
  dependencies:
    lib0 "^0.2.99"
